
Microsoft Visual Studio Solution File, Format Version 11.00
# Visual Studio 2010
Project("{E24C65DC-7377-472B-9ABA-BC803B73C61A}") = "nhasach-html", "nhasach-html\", "{C7C80A4C-8005-4B9D-90E2-3C2BB3330BE8}"
	ProjectSection(WebsiteProperties) = preProject
		TargetFrameworkMoniker = ".NETFramework,Version%3Dv3.5"
		Debug.AspNetCompiler.VirtualPath = "/nhasach-html"
		Debug.AspNetCompiler.PhysicalPath = "nhasach-html\"
		Debug.AspNetCompiler.TargetPath = "PrecompiledWeb\nhasach-html\"
		Debug.AspNetCompiler.Updateable = "true"
		Debug.AspNetCompiler.ForceOverwrite = "true"
		Debug.AspNetCompiler.FixedNames = "false"
		Debug.AspNetCompiler.Debug = "True"
		Release.AspNetCompiler.VirtualPath = "/nhasach-html"
		Release.AspNetCompiler.PhysicalPath = "nhasach-html\"
		Release.AspNetCompiler.TargetPath = "PrecompiledWeb\nhasach-html\"
		Release.AspNetCompiler.Updateable = "true"
		Release.AspNetCompiler.ForceOverwrite = "true"
		Release.AspNetCompiler.FixedNames = "false"
		Release.AspNetCompiler.Debug = "False"
		VWDPort = "1187"
	EndProjectSection
EndProject
Global
	GlobalSection(SolutionConfigurationPlatforms) = preSolution
		Debug|Any CPU = Debug|Any CPU
	EndGlobalSection
	GlobalSection(ProjectConfigurationPlatforms) = postSolution
		{C7C80A4C-8005-4B9D-90E2-3C2BB3330BE8}.Debug|Any CPU.ActiveCfg = Debug|Any CPU
		{C7C80A4C-8005-4B9D-90E2-3C2BB3330BE8}.Debug|Any CPU.Build.0 = Debug|Any CPU
	EndGlobalSection
	GlobalSection(SolutionProperties) = preSolution
		HideSolutionNode = FALSE
	EndGlobalSection
EndGlobal
